
Microsoft Visual Studio Solution File, Format Version 12.00
# Visual Studio Version 17
VisualStudioVersion = 17.8.34330.188
MinimumVisualStudioVersion = 10.0.40219.1
Project("{9A19103F-16F7-4668-BE54-9A1E7A4F7556}") = "SlotMachineGame", "ConsoleApp1\SlotMachineGame.csproj", "{025F40C4-47D2-43AF-BCBB-B89C9C17C662}"
EndProject
Global
	GlobalSection(SolutionConfigurationPlatforms) = preSolution
		Debug|Any CPU = Debug|Any CPU
		Release|Any CPU = Release|Any CPU
	EndGlobalSection
	GlobalSection(ProjectConfigurationPlatforms) = postSolution
		{025F40C4-47D2-43AF-BCBB-B89C9C17C662}.Debug|Any CPU.ActiveCfg = Debug|Any CPU
		{025F40C4-47D2-43AF-BCBB-B89C9C17C662}.Debug|Any CPU.Build.0 = Debug|Any CPU
		{025F40C4-47D2-43AF-BCBB-B89C9C17C662}.Release|Any CPU.ActiveCfg = Release|Any CPU
		{025F40C4-47D2-43AF-BCBB-B89C9C17C662}.Release|Any CPU.Build.0 = Release|Any CPU
	EndGlobalSection
	GlobalSection(SolutionProperties) = preSolution
		HideSolutionNode = FALSE
	EndGlobalSection
	GlobalSection(ExtensibilityGlobals) = postSolution
		SolutionGuid = {76DBF06B-B28D-49BE-A1C2-945AB2FA36ED}
	EndGlobalSection
EndGlobal
